// !$*UTF8*$!
{
	archiveVersion = 1;
	classes = {
	};
	objectVersion = 50;
	objects = {

/* Begin PBXBuildFile section */
		9D0F0E7922B1B879003359AE /* Level4.sks in Resources */ = {isa = PBXBuildFile; fileRef = 9D0F0E7822B1B879003359AE /* Level4.sks */; };
		9D0F0E7D22B1BD56003359AE /* discolights-loop.mov in Resources */ = {isa = PBXBuildFile; fileRef = 9D0F0E7B22B1BD56003359AE /* discolights-loop.mov */; };
		9D0F0E7E22B1BD56003359AE /* disco-sound.m4a in Resources */ = {isa = PBXBuildFile; fileRef = 9D0F0E7C22B1BD56003359AE /* disco-sound.m4a */; };
		9D0F0E8122B1BD64003359AE /* Level6.sks in Resources */ = {isa = PBXBuildFile; fileRef = 9D0F0E7F22B1BD64003359AE /* Level6.sks */; };
		9D0F0E8222B1BD64003359AE /* Level5.sks in Resources */ = {isa = PBXBuildFile; fileRef = 9D0F0E8022B1BD64003359AE /* Level5.sks */; };
		9D0F0E8422B1BDC7003359AE /* PictureNode.swift in Sources */ = {isa = PBXBuildFile; fileRef = 9D0F0E8322B1BDC7003359AE /* PictureNode.swift */; };
		9D0F280A22AF1D4000114C3A /* SpringNode.swift in Sources */ = {isa = PBXBuildFile; fileRef = 9D0F280922AF1D4000114C3A /* SpringNode.swift */; };
		9D0F280D22B0660C00114C3A /* Level1.sks in Resources */ = {isa = PBXBuildFile; fileRef = 9D0F280B22B0660C00114C3A /* Level1.sks */; };
		9D0F280E22B0660C00114C3A /* Level3.sks in Resources */ = {isa = PBXBuildFile; fileRef = 9D0F280C22B0660C00114C3A /* Level3.sks */; };
		9D0F281222B066A400114C3A /* Level2.sks in Resources */ = {isa = PBXBuildFile; fileRef = 9D0F281122B066A400114C3A /* Level2.sks */; };
		9D0F281622B068F500114C3A /* HookBaseNode.swift in Sources */ = {isa = PBXBuildFile; fileRef = 9D0F281522B068F500114C3A /* HookBaseNode.swift */; };
		9D0F281C22B08B9E00114C3A /* StoneNode.swift in Sources */ = {isa = PBXBuildFile; fileRef = 9D0F281B22B08B9E00114C3A /* StoneNode.swift */; };
		9D3EEF1222AB41D000F91397 /* MessageNode.swift in Sources */ = {isa = PBXBuildFile; fileRef = 9D3EEF1122AB41D000F91397 /* MessageNode.swift */; };
		9D3EEF1522AB447300F91397 /* CatWakeUp.sks in Resources */ = {isa = PBXBuildFile; fileRef = 9D3EEF1322AB447300F91397 /* CatWakeUp.sks */; };
		9D3EEF1622AB447300F91397 /* CatCurl.sks in Resources */ = {isa = PBXBuildFile; fileRef = 9D3EEF1422AB447300F91397 /* CatCurl.sks */; };
		9D7063DD22A8831700DD0875 /* AppDelegate.swift in Sources */ = {isa = PBXBuildFile; fileRef = 9D7063DC22A8831700DD0875 /* AppDelegate.swift */; };
		9D7063DF22A8831700DD0875 /* GameScene.sks in Resources */ = {isa = PBXBuildFile; fileRef = 9D7063DE22A8831700DD0875 /* GameScene.sks */; };
		9D7063E122A8831700DD0875 /* Actions.sks in Resources */ = {isa = PBXBuildFile; fileRef = 9D7063E022A8831700DD0875 /* Actions.sks */; };
		9D7063E322A8831700DD0875 /* GameScene.swift in Sources */ = {isa = PBXBuildFile; fileRef = 9D7063E222A8831700DD0875 /* GameScene.swift */; };
		9D7063E522A8831700DD0875 /* GameViewController.swift in Sources */ = {isa = PBXBuildFile; fileRef = 9D7063E422A8831700DD0875 /* GameViewController.swift */; };
		9D7063E822A8831700DD0875 /* Main.storyboard in Resources */ = {isa = PBXBuildFile; fileRef = 9D7063E622A8831700DD0875 /* Main.storyboard */; };
		9D7063EA22A8831800DD0875 /* Assets.xcassets in Resources */ = {isa = PBXBuildFile; fileRef = 9D7063E922A8831800DD0875 /* Assets.xcassets */; };
		9D7063ED22A8831800DD0875 /* LaunchScreen.storyboard in Resources */ = {isa = PBXBuildFile; fileRef = 9D7063EB22A8831800DD0875 /* LaunchScreen.storyboard */; };
		9D7063FA22A888CE00DD0875 /* mrreow.mp3 in Resources */ = {isa = PBXBuildFile; fileRef = 9D7063F522A888CE00DD0875 /* mrreow.mp3 */; };
		9D7063FB22A888CE00DD0875 /* pop.mp3 in Resources */ = {isa = PBXBuildFile; fileRef = 9D7063F622A888CE00DD0875 /* pop.mp3 */; };
		9D7063FC22A888CE00DD0875 /* win.mp3 in Resources */ = {isa = PBXBuildFile; fileRef = 9D7063F722A888CE00DD0875 /* win.mp3 */; };
		9D7063FD22A888CE00DD0875 /* lose.mp3 in Resources */ = {isa = PBXBuildFile; fileRef = 9D7063F822A888CE00DD0875 /* lose.mp3 */; };
		9D7063FE22A888CE00DD0875 /* backgroundMusic.mp3 in Resources */ = {isa = PBXBuildFile; fileRef = 9D7063F922A888CE00DD0875 /* backgroundMusic.mp3 */; };
		9D70640122A898A800DD0875 /* Cat.sks in Resources */ = {isa = PBXBuildFile; fileRef = 9D70640022A898A800DD0875 /* Cat.sks */; };
		9DABFAEA22AB21F8007E0B09 /* BedNode.swift in Sources */ = {isa = PBXBuildFile; fileRef = 9DABFAE922AB21F8007E0B09 /* BedNode.swift */; };
		9DABFAEC22AB2637007E0B09 /* CatNode.swift in Sources */ = {isa = PBXBuildFile; fileRef = 9DABFAEB22AB2637007E0B09 /* CatNode.swift */; };
		9DABFB9322AB33CB007E0B09 /* SKColor+Extensions.swift in Sources */ = {isa = PBXBuildFile; fileRef = 9DABFB6322AB33CB007E0B09 /* SKColor+Extensions.swift */; };
		9DABFB9422AB33CB007E0B09 /* CGVector+Extensions.swift in Sources */ = {isa = PBXBuildFile; fileRef = 9DABFB6422AB33CB007E0B09 /* CGVector+Extensions.swift */; };
		9DABFB9522AB33CB007E0B09 /* Int+Extensions.swift in Sources */ = {isa = PBXBuildFile; fileRef = 9DABFB6522AB33CB007E0B09 /* Int+Extensions.swift */; };
		9DABFB9622AB33CB007E0B09 /* SKTTimingFunctions.swift in Sources */ = {isa = PBXBuildFile; fileRef = 9DABFB6622AB33CB007E0B09 /* SKTTimingFunctions.swift */; };
		9DABFB9722AB33CB007E0B09 /* SKAction+Extensions.swift in Sources */ = {isa = PBXBuildFile; fileRef = 9DABFB6722AB33CB007E0B09 /* SKAction+Extensions.swift */; };
		9DABFB9822AB33CB007E0B09 /* SKAction+SpecialEffects.swift in Sources */ = {isa = PBXBuildFile; fileRef = 9DABFB6822AB33CB007E0B09 /* SKAction+SpecialEffects.swift */; };
		9DABFB9922AB33CB007E0B09 /* SKNode+Extensions.swift in Sources */ = {isa = PBXBuildFile; fileRef = 9DABFB6922AB33CB007E0B09 /* SKNode+Extensions.swift */; };
		9DABFB9A22AB33CB007E0B09 /* CGPoint+Extensions.swift in Sources */ = {isa = PBXBuildFile; fileRef = 9DABFB6A22AB33CB007E0B09 /* CGPoint+Extensions.swift */; };
		9DABFB9B22AB33CB007E0B09 /* SKTEffects.swift in Sources */ = {isa = PBXBuildFile; fileRef = 9DABFB6B22AB33CB007E0B09 /* SKTEffects.swift */; };
		9DABFB9C22AB33CB007E0B09 /* SKTAudio.swift in Sources */ = {isa = PBXBuildFile; fileRef = 9DABFB6C22AB33CB007E0B09 /* SKTAudio.swift */; };
		9DABFB9D22AB33CB007E0B09 /* Vector3.swift in Sources */ = {isa = PBXBuildFile; fileRef = 9DABFB6D22AB33CB007E0B09 /* Vector3.swift */; };
		9DABFB9E22AB33CB007E0B09 /* CGFloat+Extensions.swift in Sources */ = {isa = PBXBuildFile; fileRef = 9DABFB6E22AB33CB007E0B09 /* CGFloat+Extensions.swift */; };
		9DABFBBD22AB3BCD007E0B09 /* BlockNode.swift in Sources */ = {isa = PBXBuildFile; fileRef = 9DABFBBC22AB3BCD007E0B09 /* BlockNode.swift */; };
/* End PBXBuildFile section */

/* Begin PBXFileReference section */
		9D0F0E7822B1B879003359AE /* Level4.sks */ = {isa = PBXFileReference; lastKnownFileType = file.sks; path = Level4.sks; sourceTree = "<group>"; };
		9D0F0E7B22B1BD56003359AE /* discolights-loop.mov */ = {isa = PBXFileReference; lastKnownFileType = video.quicktime; path = "discolights-loop.mov"; sourceTree = "<group>"; };
		9D0F0E7C22B1BD56003359AE /* disco-sound.m4a */ = {isa = PBXFileReference; lastKnownFileType = file; path = "disco-sound.m4a"; sourceTree = "<group>"; };
		9D0F0E7F22B1BD64003359AE /* Level6.sks */ = {isa = PBXFileReference; lastKnownFileType = file.sks; path = Level6.sks; sourceTree = "<group>"; };
		9D0F0E8022B1BD64003359AE /* Level5.sks */ = {isa = PBXFileReference; lastKnownFileType = file.sks; path = Level5.sks; sourceTree = "<group>"; };
		9D0F0E8322B1BDC7003359AE /* PictureNode.swift */ = {isa = PBXFileReference; lastKnownFileType = sourcecode.swift; path = PictureNode.swift; sourceTree = "<group>"; };
		9D0F280922AF1D4000114C3A /* SpringNode.swift */ = {isa = PBXFileReference; lastKnownFileType = sourcecode.swift; path = SpringNode.swift; sourceTree = "<group>"; };
		9D0F280B22B0660C00114C3A /* Level1.sks */ = {isa = PBXFileReference; lastKnownFileType = file.sks; path = Level1.sks; sourceTree = "<group>"; };
		9D0F280C22B0660C00114C3A /* Level3.sks */ = {isa = PBXFileReference; lastKnownFileType = file.sks; path = Level3.sks; sourceTree = "<group>"; };
		9D0F281122B066A400114C3A /* Level2.sks */ = {isa = PBXFileReference; lastKnownFileType = file.sks; path = Level2.sks; sourceTree = "<group>"; };
		9D0F281522B068F500114C3A /* HookBaseNode.swift */ = {isa = PBXFileReference; lastKnownFileType = sourcecode.swift; path = HookBaseNode.swift; sourceTree = "<group>"; };
		9D0F281B22B08B9E00114C3A /* StoneNode.swift */ = {isa = PBXFileReference; lastKnownFileType = sourcecode.swift; path = StoneNode.swift; sourceTree = "<group>"; };
		9D3EEF1122AB41D000F91397 /* MessageNode.swift */ = {isa = PBXFileReference; lastKnownFileType = sourcecode.swift; path = MessageNode.swift; sourceTree = "<group>"; };
		9D3EEF1322AB447300F91397 /* CatWakeUp.sks */ = {isa = PBXFileReference; lastKnownFileType = file.sks; path = CatWakeUp.sks; sourceTree = "<group>"; };
		9D3EEF1422AB447300F91397 /* CatCurl.sks */ = {isa = PBXFileReference; lastKnownFileType = file.sks; path = CatCurl.sks; sourceTree = "<group>"; };
		9D7063D922A8831700DD0875 /* CatNap.app */ = {isa = PBXFileReference; explicitFileType = wrapper.application; includeInIndex = 0; path = CatNap.app; sourceTree = BUILT_PRODUCTS_DIR; };
		9D7063DC22A8831700DD0875 /* AppDelegate.swift */ = {isa = PBXFileReference; lastKnownFileType = sourcecode.swift; path = AppDelegate.swift; sourceTree = "<group>"; };
		9D7063DE22A8831700DD0875 /* GameScene.sks */ = {isa = PBXFileReference; lastKnownFileType = file.sks; path = GameScene.sks; sourceTree = "<group>"; };
		9D7063E022A8831700DD0875 /* Actions.sks */ = {isa = PBXFileReference; lastKnownFileType = file.sks; path = Actions.sks; sourceTree = "<group>"; };
		9D7063E222A8831700DD0875 /* GameScene.swift */ = {isa = PBXFileReference; lastKnownFileType = sourcecode.swift; path = GameScene.swift; sourceTree = "<group>"; };
		9D7063E422A8831700DD0875 /* GameViewController.swift */ = {isa = PBXFileReference; lastKnownFileType = sourcecode.swift; path = GameViewController.swift; sourceTree = "<group>"; };
		9D7063E722A8831700DD0875 /* Base */ = {isa = PBXFileReference; lastKnownFileType = file.storyboard; name = Base; path = Base.lproj/Main.storyboard; sourceTree = "<group>"; };
		9D7063E922A8831800DD0875 /* Assets.xcassets */ = {isa = PBXFileReference; lastKnownFileType = folder.assetcatalog; path = Assets.xcassets; sourceTree = "<group>"; };
		9D7063EC22A8831800DD0875 /* Base */ = {isa = PBXFileReference; lastKnownFileType = file.storyboard; name = Base; path = Base.lproj/LaunchScreen.storyboard; sourceTree = "<group>"; };
		9D7063EE22A8831800DD0875 /* Info.plist */ = {isa = PBXFileReference; lastKnownFileType = text.plist.xml; path = Info.plist; sourceTree = "<group>"; };
		9D7063F522A888CE00DD0875 /* mrreow.mp3 */ = {isa = PBXFileReference; lastKnownFileType = audio.mp3; path = mrreow.mp3; sourceTree = "<group>"; };
		9D7063F622A888CE00DD0875 /* pop.mp3 */ = {isa = PBXFileReference; lastKnownFileType = audio.mp3; path = pop.mp3; sourceTree = "<group>"; };
		9D7063F722A888CE00DD0875 /* win.mp3 */ = {isa = PBXFileReference; lastKnownFileType = audio.mp3; path = win.mp3; sourceTree = "<group>"; };
		9D7063F822A888CE00DD0875 /* lose.mp3 */ = {isa = PBXFileReference; lastKnownFileType = audio.mp3; path = lose.mp3; sourceTree = "<group>"; };
		9D7063F922A888CE00DD0875 /* backgroundMusic.mp3 */ = {isa = PBXFileReference; lastKnownFileType = audio.mp3; path = backgroundMusic.mp3; sourceTree = "<group>"; };
		9D70640022A898A800DD0875 /* Cat.sks */ = {isa = PBXFileReference; lastKnownFileType = file.sks; path = Cat.sks; sourceTree = "<group>"; };
		9DABFAE922AB21F8007E0B09 /* BedNode.swift */ = {isa = PBXFileReference; lastKnownFileType = sourcecode.swift; path = BedNode.swift; sourceTree = "<group>"; };
		9DABFAEB22AB2637007E0B09 /* CatNode.swift */ = {isa = PBXFileReference; lastKnownFileType = sourcecode.swift; path = CatNode.swift; sourceTree = "<group>"; };
		9DABFB6322AB33CB007E0B09 /* SKColor+Extensions.swift */ = {isa = PBXFileReference; fileEncoding = 4; lastKnownFileType = sourcecode.swift; path = "SKColor+Extensions.swift"; sourceTree = "<group>"; };
		9DABFB6422AB33CB007E0B09 /* CGVector+Extensions.swift */ = {isa = PBXFileReference; fileEncoding = 4; lastKnownFileType = sourcecode.swift; path = "CGVector+Extensions.swift"; sourceTree = "<group>"; };
		9DABFB6522AB33CB007E0B09 /* Int+Extensions.swift */ = {isa = PBXFileReference; fileEncoding = 4; lastKnownFileType = sourcecode.swift; path = "Int+Extensions.swift"; sourceTree = "<group>"; };
		9DABFB6622AB33CB007E0B09 /* SKTTimingFunctions.swift */ = {isa = PBXFileReference; fileEncoding = 4; lastKnownFileType = sourcecode.swift; path = SKTTimingFunctions.swift; sourceTree = "<group>"; };
		9DABFB6722AB33CB007E0B09 /* SKAction+Extensions.swift */ = {isa = PBXFileReference; fileEncoding = 4; lastKnownFileType = sourcecode.swift; path = "SKAction+Extensions.swift"; sourceTree = "<group>"; };
		9DABFB6822AB33CB007E0B09 /* SKAction+SpecialEffects.swift */ = {isa = PBXFileReference; fileEncoding = 4; lastKnownFileType = sourcecode.swift; path = "SKAction+SpecialEffects.swift"; sourceTree = "<group>"; };
		9DABFB6922AB33CB007E0B09 /* SKNode+Extensions.swift */ = {isa = PBXFileReference; fileEncoding = 4; lastKnownFileType = sourcecode.swift; path = "SKNode+Extensions.swift"; sourceTree = "<group>"; };
		9DABFB6A22AB33CB007E0B09 /* CGPoint+Extensions.swift */ = {isa = PBXFileReference; fileEncoding = 4; lastKnownFileType = sourcecode.swift; path = "CGPoint+Extensions.swift"; sourceTree = "<group>"; };
		9DABFB6B22AB33CB007E0B09 /* SKTEffects.swift */ = {isa = PBXFileReference; fileEncoding = 4; lastKnownFileType = sourcecode.swift; path = SKTEffects.swift; sourceTree = "<group>"; };
		9DABFB6C22AB33CB007E0B09 /* SKTAudio.swift */ = {isa = PBXFileReference; fileEncoding = 4; lastKnownFileType = sourcecode.swift; path = SKTAudio.swift; sourceTree = "<group>"; };
		9DABFB6D22AB33CB007E0B09 /* Vector3.swift */ = {isa = PBXFileReference; fileEncoding = 4; lastKnownFileType = sourcecode.swift; path = Vector3.swift; sourceTree = "<group>"; };
		9DABFB6E22AB33CB007E0B09 /* CGFloat+Extensions.swift */ = {isa = PBXFileReference; fileEncoding = 4; lastKnownFileType = sourcecode.swift; path = "CGFloat+Extensions.swift"; sourceTree = "<group>"; };
		9DABFBBC22AB3BCD007E0B09 /* BlockNode.swift */ = {isa = PBXFileReference; lastKnownFileType = sourcecode.swift; path = BlockNode.swift; sourceTree = "<group>"; };
/* End PBXFileReference section */

/* Begin PBXFrameworksBuildPhase section */
		9D7063D622A8831700DD0875 /* Frameworks */ = {
			isa = PBXFrameworksBuildPhase;
			buildActionMask = 2147483647;
			files = (
			);
			runOnlyForDeploymentPostprocessing = 0;
		};
/* End PBXFrameworksBuildPhase section */

/* Begin PBXGroup section */
		9D0F0E7A22B1BD56003359AE /* media */ = {
			isa = PBXGroup;
			children = (
				9D0F0E7B22B1BD56003359AE /* discolights-loop.mov */,
				9D0F0E7C22B1BD56003359AE /* disco-sound.m4a */,
			);
			path = media;
			sourceTree = "<group>";
		};
		9D7063D022A8831700DD0875 = {
			isa = PBXGroup;
			children = (
				9D7063DB22A8831700DD0875 /* CatNap */,
				9D7063DA22A8831700DD0875 /* Products */,
			);
			sourceTree = "<group>";
		};
		9D7063DA22A8831700DD0875 /* Products */ = {
			isa = PBXGroup;
			children = (
				9D7063D922A8831700DD0875 /* CatNap.app */,
			);
			name = Products;
			sourceTree = "<group>";
		};
		9D7063DB22A8831700DD0875 /* CatNap */ = {
			isa = PBXGroup;
			children = (
				9D0F0E7A22B1BD56003359AE /* media */,
				9DABFB6222AB33CB007E0B09 /* SKTUtils */,
				9DABFAED22AB266E007E0B09 /* Nodes */,
				9D7063FF22A8985500DD0875 /* Scenes */,
				9D7063F422A888CE00DD0875 /* Sounds */,
				9D7063DC22A8831700DD0875 /* AppDelegate.swift */,
				9D7063E022A8831700DD0875 /* Actions.sks */,
				9D7063E222A8831700DD0875 /* GameScene.swift */,
				9D7063E422A8831700DD0875 /* GameViewController.swift */,
				9D7063E622A8831700DD0875 /* Main.storyboard */,
				9D7063E922A8831800DD0875 /* Assets.xcassets */,
				9D7063EB22A8831800DD0875 /* LaunchScreen.storyboard */,
				9D7063EE22A8831800DD0875 /* Info.plist */,
			);
			path = CatNap;
			sourceTree = "<group>";
		};
		9D7063F422A888CE00DD0875 /* Sounds */ = {
			isa = PBXGroup;
			children = (
				9D7063F522A888CE00DD0875 /* mrreow.mp3 */,
				9D7063F622A888CE00DD0875 /* pop.mp3 */,
				9D7063F722A888CE00DD0875 /* win.mp3 */,
				9D7063F822A888CE00DD0875 /* lose.mp3 */,
				9D7063F922A888CE00DD0875 /* backgroundMusic.mp3 */,
			);
			path = Sounds;
			sourceTree = "<group>";
		};
		9D7063FF22A8985500DD0875 /* Scenes */ = {
			isa = PBXGroup;
			children = (
				9D3EEF1422AB447300F91397 /* CatCurl.sks */,
				9D3EEF1322AB447300F91397 /* CatWakeUp.sks */,
				9D7063DE22A8831700DD0875 /* GameScene.sks */,
				9D70640022A898A800DD0875 /* Cat.sks */,
				9D0F280B22B0660C00114C3A /* Level1.sks */,
				9D0F281122B066A400114C3A /* Level2.sks */,
				9D0F280C22B0660C00114C3A /* Level3.sks */,
				9D0F0E7822B1B879003359AE /* Level4.sks */,
				9D0F0E8022B1BD64003359AE /* Level5.sks */,
				9D0F0E7F22B1BD64003359AE /* Level6.sks */,
			);
			path = Scenes;
			sourceTree = "<group>";
		};
		9DABFAED22AB266E007E0B09 /* Nodes */ = {
			isa = PBXGroup;
			children = (
				9DABFAE922AB21F8007E0B09 /* BedNode.swift */,
				9DABFAEB22AB2637007E0B09 /* CatNode.swift */,
				9DABFBBC22AB3BCD007E0B09 /* BlockNode.swift */,
				9D3EEF1122AB41D000F91397 /* MessageNode.swift */,
				9D0F280922AF1D4000114C3A /* SpringNode.swift */,
				9D0F281522B068F500114C3A /* HookBaseNode.swift */,
				9D0F281B22B08B9E00114C3A /* StoneNode.swift */,
				9D0F0E8322B1BDC7003359AE /* PictureNode.swift */,
			);
			path = Nodes;
			sourceTree = "<group>";
		};
		9DABFB6222AB33CB007E0B09 /* SKTUtils */ = {
			isa = PBXGroup;
			children = (
				9DABFB6322AB33CB007E0B09 /* SKColor+Extensions.swift */,
				9DABFB6422AB33CB007E0B09 /* CGVector+Extensions.swift */,
				9DABFB6522AB33CB007E0B09 /* Int+Extensions.swift */,
				9DABFB6622AB33CB007E0B09 /* SKTTimingFunctions.swift */,
				9DABFB6722AB33CB007E0B09 /* SKAction+Extensions.swift */,
				9DABFB6822AB33CB007E0B09 /* SKAction+SpecialEffects.swift */,
				9DABFB6922AB33CB007E0B09 /* SKNode+Extensions.swift */,
				9DABFB6A22AB33CB007E0B09 /* CGPoint+Extensions.swift */,
				9DABFB6B22AB33CB007E0B09 /* SKTEffects.swift */,
				9DABFB6C22AB33CB007E0B09 /* SKTAudio.swift */,
				9DABFB6D22AB33CB007E0B09 /* Vector3.swift */,
				9DABFB6E22AB33CB007E0B09 /* CGFloat+Extensions.swift */,
			);
			path = SKTUtils;
			sourceTree = "<group>";
		};
/* End PBXGroup section */

/* Begin PBXNativeTarget section */
		9D7063D822A8831700DD0875 /* CatNap */ = {
			isa = PBXNativeTarget;
			buildConfigurationList = 9D7063F122A8831800DD0875 /* Build configuration list for PBXNativeTarget "CatNap" */;
			buildPhases = (
				9D7063D522A8831700DD0875 /* Sources */,
				9D7063D622A8831700DD0875 /* Frameworks */,
				9D7063D722A8831700DD0875 /* Resources */,
			);
			buildRules = (
			);
			dependencies = (
			);
			name = CatNap;
			productName = CatNap;
			productReference = 9D7063D922A8831700DD0875 /* CatNap.app */;
			productType = "com.apple.product-type.application";
		};
/* End PBXNativeTarget section */

/* Begin PBXProject section */
		9D7063D122A8831700DD0875 /* Project object */ = {
			isa = PBXProject;
			attributes = {
				LastSwiftUpdateCheck = 1020;
				LastUpgradeCheck = 1020;
				ORGANIZATIONNAME = "Allan Im";
				TargetAttributes = {
					9D7063D822A8831700DD0875 = {
						CreatedOnToolsVersion = 10.2.1;
					};
				};
			};
			buildConfigurationList = 9D7063D422A8831700DD0875 /* Build configuration list for PBXProject "CatNap" */;
			compatibilityVersion = "Xcode 9.3";
			developmentRegion = en;
			hasScannedForEncodings = 0;
			knownRegions = (
				en,
				Base,
			);
			mainGroup = 9D7063D022A8831700DD0875;
			productRefGroup = 9D7063DA22A8831700DD0875 /* Products */;
			projectDirPath = "";
			projectRoot = "";
			targets = (
				9D7063D822A8831700DD0875 /* CatNap */,
			);
		};
/* End PBXProject section */

/* Begin PBXResourcesBuildPhase section */
		9D7063D722A8831700DD0875 /* Resources */ = {
			isa = PBXResourcesBuildPhase;
			buildActionMask = 2147483647;
			files = (
				9D7063E822A8831700DD0875 /* Main.storyboard in Resources */,
				9D0F0E7E22B1BD56003359AE /* disco-sound.m4a in Resources */,
				9D7063DF22A8831700DD0875 /* GameScene.sks in Resources */,
				9D7063FD22A888CE00DD0875 /* lose.mp3 in Resources */,
				9D0F281222B066A400114C3A /* Level2.sks in Resources */,
				9D0F0E7D22B1BD56003359AE /* discolights-loop.mov in Resources */,
				9D7063EA22A8831800DD0875 /* Assets.xcassets in Resources */,
				9D0F280E22B0660C00114C3A /* Level3.sks in Resources */,
				9D7063FC22A888CE00DD0875 /* win.mp3 in Resources */,
				9D7063ED22A8831800DD0875 /* LaunchScreen.storyboard in Resources */,
				9D7063FA22A888CE00DD0875 /* mrreow.mp3 in Resources */,
				9D7063FB22A888CE00DD0875 /* pop.mp3 in Resources */,
				9D7063FE22A888CE00DD0875 /* backgroundMusic.mp3 in Resources */,
				9D0F0E7922B1B879003359AE /* Level4.sks in Resources */,
				9D3EEF1522AB447300F91397 /* CatWakeUp.sks in Resources */,
				9D7063E122A8831700DD0875 /* Actions.sks in Resources */,
				9D0F0E8222B1BD64003359AE /* Level5.sks in Resources */,
				9D70640122A898A800DD0875 /* Cat.sks in Resources */,
				9D3EEF1622AB447300F91397 /* CatCurl.sks in Resources */,
				9D0F280D22B0660C00114C3A /* Level1.sks in Resources */,
				9D0F0E8122B1BD64003359AE /* Level6.sks in Resources */,
			);
			runOnlyForDeploymentPostprocessing = 0;
		};
/* End PBXResourcesBuildPhase section */

/* Begin PBXSourcesBuildPhase section */
		9D7063D522A8831700DD0875 /* Sources */ = {
			isa = PBXSourcesBuildPhase;
			buildActionMask = 2147483647;
			files = (
				9D7063E322A8831700DD0875 /* GameScene.swift in Sources */,
				9DABFB9722AB33CB007E0B09 /* SKAction+Extensions.swift in Sources */,
				9DABFB9622AB33CB007E0B09 /* SKTTimingFunctions.swift in Sources */,
				9D0F0E8422B1BDC7003359AE /* PictureNode.swift in Sources */,
				9DABFB9422AB33CB007E0B09 /* CGVector+Extensions.swift in Sources */,
				9DABFB9A22AB33CB007E0B09 /* CGPoint+Extensions.swift in Sources */,
				9DABFBBD22AB3BCD007E0B09 /* BlockNode.swift in Sources */,
				9DABFB9822AB33CB007E0B09 /* SKAction+SpecialEffects.swift in Sources */,
				9D0F281C22B08B9E00114C3A /* StoneNode.swift in Sources */,
				9DABFB9C22AB33CB007E0B09 /* SKTAudio.swift in Sources */,
				9DABFB9922AB33CB007E0B09 /* SKNode+Extensions.swift in Sources */,
				9DABFB9B22AB33CB007E0B09 /* SKTEffects.swift in Sources */,
				9DABFB9322AB33CB007E0B09 /* SKColor+Extensions.swift in Sources */,
				9DABFAEC22AB2637007E0B09 /* CatNode.swift in Sources */,
				9DABFAEA22AB21F8007E0B09 /* BedNode.swift in Sources */,
				9DABFB9522AB33CB007E0B09 /* Int+Extensions.swift in Sources */,
				9D7063E522A8831700DD0875 /* GameViewController.swift in Sources */,
				9DABFB9E22AB33CB007E0B09 /* CGFloat+Extensions.swift in Sources */,
				9D0F281622B068F500114C3A /* HookBaseNode.swift in Sources */,
				9D0F280A22AF1D4000114C3A /* SpringNode.swift in Sources */,
				9DABFB9D22AB33CB007E0B09 /* Vector3.swift in Sources */,
				9D7063DD22A8831700DD0875 /* AppDelegate.swift in Sources */,
				9D3EEF1222AB41D000F91397 /* MessageNode.swift in Sources */,
			);
			runOnlyForDeploymentPostprocessing = 0;
		};
/* End PBXSourcesBuildPhase section */

/* Begin PBXVariantGroup section */
		9D7063E622A8831700DD0875 /* Main.storyboard */ = {
			isa = PBXVariantGroup;
			children = (
				9D7063E722A8831700DD0875 /* Base */,
			);
			name = Main.storyboard;
			sourceTree = "<group>";
		};
		9D7063EB22A8831800DD0875 /* LaunchScreen.storyboard */ = {
			isa = PBXVariantGroup;
			children = (
				9D7063EC22A8831800DD0875 /* Base */,
			);
			name = LaunchScreen.storyboard;
			sourceTree = "<group>";
		};
/* End PBXVariantGroup section */

/* Begin XCBuildConfiguration section */
		9D7063EF22A8831800DD0875 /* Debug */ = {
			isa = XCBuildConfiguration;
			buildSettings = {
				ALWAYS_SEARCH_USER_PATHS = NO;
				CLANG_ANALYZER_NONNULL = YES;
				CLANG_ANALYZER_NUMBER_OBJECT_CONVERSION = YES_AGGRESSIVE;
				CLANG_CXX_LANGUAGE_STANDARD = "gnu++14";
				CLANG_CXX_LIBRARY = "libc++";
				CLANG_ENABLE_MODULES = YES;
				CLANG_ENABLE_OBJC_ARC = YES;
				CLANG_ENABLE_OBJC_WEAK = YES;
				CLANG_WARN_BLOCK_CAPTURE_AUTORELEASING = YES;
				CLANG_WARN_BOOL_CONVERSION = YES;
				CLANG_WARN_COMMA = YES;
				CLANG_WARN_CONSTANT_CONVERSION = YES;
				CLANG_WARN_DEPRECATED_OBJC_IMPLEMENTATIONS = YES;
				CLANG_WARN_DIRECT_OBJC_ISA_USAGE = YES_ERROR;
				CLANG_WARN_DOCUMENTATION_COMMENTS = YES;
				CLANG_WARN_EMPTY_BODY = YES;
				CLANG_WARN_ENUM_CONVERSION = YES;
				CLANG_WARN_INFINITE_RECURSION = YES;
				CLANG_WARN_INT_CONVERSION = YES;
				CLANG_WARN_NON_LITERAL_NULL_CONVERSION = YES;
				CLANG_WARN_OBJC_IMPLICIT_RETAIN_SELF = YES;
				CLANG_WARN_OBJC_LITERAL_CONVERSION = YES;
				CLANG_WARN_OBJC_ROOT_CLASS = YES_ERROR;
				CLANG_WARN_RANGE_LOOP_ANALYSIS = YES;
				CLANG_WARN_STRICT_PROTOTYPES = YES;
				CLANG_WARN_SUSPICIOUS_MOVE = YES;
				CLANG_WARN_UNGUARDED_AVAILABILITY = YES_AGGRESSIVE;
				CLANG_WARN_UNREACHABLE_CODE = YES;
				CLANG_WARN__DUPLICATE_METHOD_MATCH = YES;
				CODE_SIGN_IDENTITY = "iPhone Developer";
				COPY_PHASE_STRIP = NO;
				DEBUG_INFORMATION_FORMAT = dwarf;
				ENABLE_STRICT_OBJC_MSGSEND = YES;
				ENABLE_TESTABILITY = YES;
				GCC_C_LANGUAGE_STANDARD = gnu11;
				GCC_DYNAMIC_NO_PIC = NO;
				GCC_NO_COMMON_BLOCKS = YES;
				GCC_OPTIMIZATION_LEVEL = 0;
				GCC_PREPROCESSOR_DEFINITIONS = (
					"DEBUG=1",
					"$(inherited)",
				);
				GCC_WARN_64_TO_32_BIT_CONVERSION = YES;
				GCC_WARN_ABOUT_RETURN_TYPE = YES_ERROR;
				GCC_WARN_UNDECLARED_SELECTOR = YES;
				GCC_WARN_UNINITIALIZED_AUTOS = YES_AGGRESSIVE;
				GCC_WARN_UNUSED_FUNCTION = YES;
				GCC_WARN_UNUSED_VARIABLE = YES;
				IPHONEOS_DEPLOYMENT_TARGET = 12.2;
				MTL_ENABLE_DEBUG_INFO = INCLUDE_SOURCE;
				MTL_FAST_MATH = YES;
				ONLY_ACTIVE_ARCH = YES;
				SDKROOT = iphoneos;
				SWIFT_ACTIVE_COMPILATION_CONDITIONS = DEBUG;
				SWIFT_OPTIMIZATION_LEVEL = "-Onone";
			};
			name = Debug;
		};
		9D7063F022A8831800DD0875 /* Release */ = {
			isa = XCBuildConfiguration;
			buildSettings = {
				ALWAYS_SEARCH_USER_PATHS = NO;
				CLANG_ANALYZER_NONNULL = YES;
				CLANG_ANALYZER_NUMBER_OBJECT_CONVERSION = YES_AGGRESSIVE;
				CLANG_CXX_LANGUAGE_STANDARD = "gnu++14";
				CLANG_CXX_LIBRARY = "libc++";
				CLANG_ENABLE_MODULES = YES;
				CLANG_ENABLE_OBJC_ARC = YES;
				CLANG_ENABLE_OBJC_WEAK = YES;
				CLANG_WARN_BLOCK_CAPTURE_AUTORELEASING = YES;
				CLANG_WARN_BOOL_CONVERSION = YES;
				CLANG_WARN_COMMA = YES;
				CLANG_WARN_CONSTANT_CONVERSION = YES;
				CLANG_WARN_DEPRECATED_OBJC_IMPLEMENTATIONS = YES;
				CLANG_WARN_DIRECT_OBJC_ISA_USAGE = YES_ERROR;
				CLANG_WARN_DOCUMENTATION_COMMENTS = YES;
				CLANG_WARN_EMPTY_BODY = YES;
				CLANG_WARN_ENUM_CONVERSION = YES;
				CLANG_WARN_INFINITE_RECURSION = YES;
				CLANG_WARN_INT_CONVERSION = YES;
				CLANG_WARN_NON_LITERAL_NULL_CONVERSION = YES;
				CLANG_WARN_OBJC_IMPLICIT_RETAIN_SELF = YES;
				CLANG_WARN_OBJC_LITERAL_CONVERSION = YES;
				CLANG_WARN_OBJC_ROOT_CLASS = YES_ERROR;
				CLANG_WARN_RANGE_LOOP_ANALYSIS = YES;
				CLANG_WARN_STRICT_PROTOTYPES = YES;
				CLANG_WARN_SUSPICIOUS_MOVE = YES;
				CLANG_WARN_UNGUARDED_AVAILABILITY = YES_AGGRESSIVE;
				CLANG_WARN_UNREACHABLE_CODE = YES;
				CLANG_WARN__DUPLICATE_METHOD_MATCH = YES;
				CODE_SIGN_IDENTITY = "iPhone Developer";
				COPY_PHASE_STRIP = NO;
				DEBUG_INFORMATION_FORMAT = "dwarf-with-dsym";
				ENABLE_NS_ASSERTIONS = NO;
				ENABLE_STRICT_OBJC_MSGSEND = YES;
				GCC_C_LANGUAGE_STANDARD = gnu11;
				GCC_NO_COMMON_BLOCKS = YES;
				GCC_WARN_64_TO_32_BIT_CONVERSION = YES;
				GCC_WARN_ABOUT_RETURN_TYPE = YES_ERROR;
				GCC_WARN_UNDECLARED_SELECTOR = YES;
				GCC_WARN_UNINITIALIZED_AUTOS = YES_AGGRESSIVE;
				GCC_WARN_UNUSED_FUNCTION = YES;
				GCC_WARN_UNUSED_VARIABLE = YES;
				IPHONEOS_DEPLOYMENT_TARGET = 12.2;
				MTL_ENABLE_DEBUG_INFO = NO;
				MTL_FAST_MATH = YES;
				SDKROOT = iphoneos;
				SWIFT_COMPILATION_MODE = wholemodule;
				SWIFT_OPTIMIZATION_LEVEL = "-O";
				VALIDATE_PRODUCT = YES;
			};
			name = Release;
		};
		9D7063F222A8831800DD0875 /* Debug */ = {
			isa = XCBuildConfiguration;
			buildSettings = {
				ASSETCATALOG_COMPILER_APPICON_NAME = AppIcon;
				CODE_SIGN_STYLE = Automatic;
				INFOPLIST_FILE = CatNap/Info.plist;
				LD_RUNPATH_SEARCH_PATHS = (
					"$(inherited)",
					"@executable_path/Frameworks",
				);
				PRODUCT_BUNDLE_IDENTIFIER = ca.lambton.allan.CatNap;
				PRODUCT_NAME = "$(TARGET_NAME)";
				SWIFT_VERSION = 5.0;
				TARGETED_DEVICE_FAMILY = "1,2";
			};
			name = Debug;
		};
		9D7063F322A8831800DD0875 /* Release */ = {
			isa = XCBuildConfiguration;
			buildSettings = {
				ASSETCATALOG_COMPILER_APPICON_NAME = AppIcon;
				CODE_SIGN_STYLE = Automatic;
				INFOPLIST_FILE = CatNap/Info.plist;
				LD_RUNPATH_SEARCH_PATHS = (
					"$(inherited)",
					"@executable_path/Frameworks",
				);
				PRODUCT_BUNDLE_IDENTIFIER = ca.lambton.allan.CatNap;
				PRODUCT_NAME = "$(TARGET_NAME)";
				SWIFT_VERSION = 5.0;
				TARGETED_DEVICE_FAMILY = "1,2";
			};
			name = Release;
		};
/* End XCBuildConfiguration section */

/* Begin XCConfigurationList section */
		9D7063D422A8831700DD0875 /* Build configuration list for PBXProject "CatNap" */ = {
			isa = XCConfigurationList;
			buildConfigurations = (
				9D7063EF22A8831800DD0875 /* Debug */,
				9D7063F022A8831800DD0875 /* Release */,
			);
			defaultConfigurationIsVisible = 0;
			defaultConfigurationName = Release;
		};
		9D7063F122A8831800DD0875 /* Build configuration list for PBXNativeTarget "CatNap" */ = {
			isa = XCConfigurationList;
			buildConfigurations = (
				9D7063F222A8831800DD0875 /* Debug */,
				9D7063F322A8831800DD0875 /* Release */,
			);
			defaultConfigurationIsVisible = 0;
			defaultConfigurationName = Release;
		};
/* End XCConfigurationList section */
	};
	rootObject = 9D7063D122A8831700DD0875 /* Project object */;
}
